
Microsoft Visual Studio Solution File, Format Version 12.00
# Visual Studio Version 17
VisualStudioVersion = 17.13.35806.99 d17.13
MinimumVisualStudioVersion = 10.0.40219.1
Project("{FAE04EC0-301F-11D3-BF4B-00C04F79EFBC}") = "0424_chat_server_console", "0424_chat_server_console.csproj", "{72F06EC3-C574-414B-8758-57C43B385874}"
EndProject
Global
	GlobalSection(SolutionConfigurationPlatforms) = preSolution
		Debug|Any CPU = Debug|Any CPU
		Release|Any CPU = Release|Any CPU
	EndGlobalSection
	GlobalSection(ProjectConfigurationPlatforms) = postSolution
		{72F06EC3-C574-414B-8758-57C43B385874}.Debug|Any CPU.ActiveCfg = Debug|Any CPU
		{72F06EC3-C574-414B-8758-57C43B385874}.Debug|Any CPU.Build.0 = Debug|Any CPU
		{72F06EC3-C574-414B-8758-57C43B385874}.Release|Any CPU.ActiveCfg = Release|Any CPU
		{72F06EC3-C574-414B-8758-57C43B385874}.Release|Any CPU.Build.0 = Release|Any CPU
	EndGlobalSection
	GlobalSection(SolutionProperties) = preSolution
		HideSolutionNode = FALSE
	EndGlobalSection
	GlobalSection(ExtensibilityGlobals) = postSolution
		SolutionGuid = {92AA7F38-BEA8-4191-AAF5-E5A7CD000155}
	EndGlobalSection
EndGlobal
