
Microsoft Visual Studio Solution File, Format Version 12.00
# Visual Studio Version 17
VisualStudioVersion = 17.13.35806.99 d17.13
MinimumVisualStudioVersion = 10.0.40219.1
Project("{8BC9CEB8-8B4A-11D0-8D11-00A0C91BC942}") = "0327_파일전송클라", "0327_파일전송클라\0327_파일전송클라.vcxproj", "{DC86A875-372C-4658-A0AD-06CA0ADB438B}"
EndProject
Global
	GlobalSection(SolutionConfigurationPlatforms) = preSolution
		Debug|x64 = Debug|x64
		Debug|x86 = Debug|x86
		Release|x64 = Release|x64
		Release|x86 = Release|x86
	EndGlobalSection
	GlobalSection(ProjectConfigurationPlatforms) = postSolution
		{DC86A875-372C-4658-A0AD-06CA0ADB438B}.Debug|x64.ActiveCfg = Debug|x64
		{DC86A875-372C-4658-A0AD-06CA0ADB438B}.Debug|x64.Build.0 = Debug|x64
		{DC86A875-372C-4658-A0AD-06CA0ADB438B}.Debug|x86.ActiveCfg = Debug|Win32
		{DC86A875-372C-4658-A0AD-06CA0ADB438B}.Debug|x86.Build.0 = Debug|Win32
		{DC86A875-372C-4658-A0AD-06CA0ADB438B}.Release|x64.ActiveCfg = Release|x64
		{DC86A875-372C-4658-A0AD-06CA0ADB438B}.Release|x64.Build.0 = Release|x64
		{DC86A875-372C-4658-A0AD-06CA0ADB438B}.Release|x86.ActiveCfg = Release|Win32
		{DC86A875-372C-4658-A0AD-06CA0ADB438B}.Release|x86.Build.0 = Release|Win32
	EndGlobalSection
	GlobalSection(SolutionProperties) = preSolution
		HideSolutionNode = FALSE
	EndGlobalSection
	GlobalSection(ExtensibilityGlobals) = postSolution
		SolutionGuid = {9BFC5B78-02B1-464F-B0E4-EF7933927A49}
	EndGlobalSection
EndGlobal
