
Microsoft Visual Studio Solution File, Format Version 12.00
# Visual Studio Version 17
VisualStudioVersion = 17.13.35806.99 d17.13
MinimumVisualStudioVersion = 10.0.40219.1
Project("{8BC9CEB8-8B4A-11D0-8D11-00A0C91BC942}") = "멀티스레딩", "멀티스레딩.vcxproj", "{7D13F14D-5198-4BF7-9839-82D3B3CC9F08}"
EndProject
Global
	GlobalSection(SolutionConfigurationPlatforms) = preSolution
		Debug|x64 = Debug|x64
		Debug|x86 = Debug|x86
		Release|x64 = Release|x64
		Release|x86 = Release|x86
	EndGlobalSection
	GlobalSection(ProjectConfigurationPlatforms) = postSolution
		{7D13F14D-5198-4BF7-9839-82D3B3CC9F08}.Debug|x64.ActiveCfg = Debug|x64
		{7D13F14D-5198-4BF7-9839-82D3B3CC9F08}.Debug|x64.Build.0 = Debug|x64
		{7D13F14D-5198-4BF7-9839-82D3B3CC9F08}.Debug|x86.ActiveCfg = Debug|Win32
		{7D13F14D-5198-4BF7-9839-82D3B3CC9F08}.Debug|x86.Build.0 = Debug|Win32
		{7D13F14D-5198-4BF7-9839-82D3B3CC9F08}.Release|x64.ActiveCfg = Release|x64
		{7D13F14D-5198-4BF7-9839-82D3B3CC9F08}.Release|x64.Build.0 = Release|x64
		{7D13F14D-5198-4BF7-9839-82D3B3CC9F08}.Release|x86.ActiveCfg = Release|Win32
		{7D13F14D-5198-4BF7-9839-82D3B3CC9F08}.Release|x86.Build.0 = Release|Win32
	EndGlobalSection
	GlobalSection(SolutionProperties) = preSolution
		HideSolutionNode = FALSE
	EndGlobalSection
	GlobalSection(ExtensibilityGlobals) = postSolution
		SolutionGuid = {94271115-6C7D-48A2-885E-CA60CED99EF5}
	EndGlobalSection
EndGlobal
