<?xml version="1.0" encoding="utf-8"?>
<Project ToolsVersion="4.0" xmlns="http://schemas.microsoft.com/developer/msbuild/2003">
  <ItemGroup>
    <Filter Include="소스 파일">
      <UniqueIdentifier>{4FC737F1-C7A5-4376-A066-2A32D752A2FF}</UniqueIdentifier>
      <Extensions>cpp;c;cc;cxx;c++;cppm;ixx;def;odl;idl;hpj;bat;asm;asmx</Extensions>
    </Filter>
    <Filter Include="헤더 파일">
      <UniqueIdentifier>{93995380-89BD-4b04-88EB-625FBE52EBFB}</UniqueIdentifier>
      <Extensions>h;hh;hpp;hxx;h++;hm;inl;inc;ipp;xsd</Extensions>
    </Filter>
    <Filter Include="리소스 파일">
      <UniqueIdentifier>{67DA6AB6-F800-4c08-8B7A-83BB121AAD01}</UniqueIdentifier>
      <Extensions>rc;ico;cur;bmp;dlg;rc2;rct;bin;rgs;gif;jpg;jpeg;jpe;resx;tiff;tif;png;wav;mfcribbon-ms</Extensions>
    </Filter>
  </ItemGroup>
  <ItemGroup>
    <ClCompile Include="01_멀티스레드%28아님%29.cpp">
      <Filter>소스 파일</Filter>
    </ClCompile>
    <ClCompile Include="02_멀티스레드.cpp">
      <Filter>소스 파일</Filter>
    </ClCompile>
    <ClCompile Include="03_스레드제어.cpp">
      <Filter>소스 파일</Filter>
    </ClCompile>
    <ClCompile Include="04_스레드종료.cpp">
      <Filter>소스 파일</Filter>
    </ClCompile>
    <ClCompile Include="06_TLS.cpp">
      <Filter>소스 파일</Filter>
    </ClCompile>
    <ClCompile Include="07_beginThread.cpp">
      <Filter>소스 파일</Filter>
    </ClCompile>
    <ClCompile Include="08_동기화.cpp">
      <Filter>소스 파일</Filter>
    </ClCompile>
    <ClCompile Include="09_크리티칼섹션.cpp">
      <Filter>소스 파일</Filter>
    </ClCompile>
    <ClCompile Include="10_뮤텍스.cpp">
      <Filter>소스 파일</Filter>
    </ClCompile>
    <ClCompile Include="11_세마포어.cpp">
      <Filter>소스 파일</Filter>
    </ClCompile>
  </ItemGroup>
</Project>