
Microsoft Visual Studio Solution File, Format Version 12.00
# Visual Studio Version 17
VisualStudioVersion = 17.13.35806.99 d17.13
MinimumVisualStudioVersion = 10.0.40219.1
Project("{FAE04EC0-301F-11D3-BF4B-00C04F79EFBC}") = "0416_데이터베이스", "0416_데이터베이스.csproj", "{A13AB7AA-84C9-422F-8261-4910282EF09B}"
EndProject
Global
	GlobalSection(SolutionConfigurationPlatforms) = preSolution
		Debug|Any CPU = Debug|Any CPU
		Release|Any CPU = Release|Any CPU
	EndGlobalSection
	GlobalSection(ProjectConfigurationPlatforms) = postSolution
		{A13AB7AA-84C9-422F-8261-4910282EF09B}.Debug|Any CPU.ActiveCfg = Debug|Any CPU
		{A13AB7AA-84C9-422F-8261-4910282EF09B}.Debug|Any CPU.Build.0 = Debug|Any CPU
		{A13AB7AA-84C9-422F-8261-4910282EF09B}.Release|Any CPU.ActiveCfg = Release|Any CPU
		{A13AB7AA-84C9-422F-8261-4910282EF09B}.Release|Any CPU.Build.0 = Release|Any CPU
	EndGlobalSection
	GlobalSection(SolutionProperties) = preSolution
		HideSolutionNode = FALSE
	EndGlobalSection
	GlobalSection(ExtensibilityGlobals) = postSolution
		SolutionGuid = {AE87F305-DC05-44CA-9FE2-D58596A6BFC9}
	EndGlobalSection
EndGlobal
