
Microsoft Visual Studio Solution File, Format Version 12.00
# Visual Studio Version 17
VisualStudioVersion = 17.13.35806.99 d17.13
MinimumVisualStudioVersion = 10.0.40219.1
Project("{FAE04EC0-301F-11D3-BF4B-00C04F79EFBC}") = "0507_Client", "0507_Client.csproj", "{04A0198E-4D72-4E77-A155-4A1D19C5D9DE}"
EndProject
Global
	GlobalSection(SolutionConfigurationPlatforms) = preSolution
		Debug|Any CPU = Debug|Any CPU
		Release|Any CPU = Release|Any CPU
	EndGlobalSection
	GlobalSection(ProjectConfigurationPlatforms) = postSolution
		{04A0198E-4D72-4E77-A155-4A1D19C5D9DE}.Debug|Any CPU.ActiveCfg = Debug|Any CPU
		{04A0198E-4D72-4E77-A155-4A1D19C5D9DE}.Debug|Any CPU.Build.0 = Debug|Any CPU
		{04A0198E-4D72-4E77-A155-4A1D19C5D9DE}.Release|Any CPU.ActiveCfg = Release|Any CPU
		{04A0198E-4D72-4E77-A155-4A1D19C5D9DE}.Release|Any CPU.Build.0 = Release|Any CPU
	EndGlobalSection
	GlobalSection(SolutionProperties) = preSolution
		HideSolutionNode = FALSE
	EndGlobalSection
	GlobalSection(ExtensibilityGlobals) = postSolution
		SolutionGuid = {3CF85F0D-9293-4CDA-AEE8-7ABA76F5D2D8}
	EndGlobalSection
EndGlobal
