
Microsoft Visual Studio Solution File, Format Version 12.00
# Visual Studio Version 17
VisualStudioVersion = 17.13.35806.99 d17.13
MinimumVisualStudioVersion = 10.0.40219.1
Project("{FAE04EC0-301F-11D3-BF4B-00C04F79EFBC}") = "0417_XML_Practice", "0417_XML_Practice.csproj", "{A67B122F-F7DB-4EE1-A1D1-EA3F1B2D3A1A}"
EndProject
Global
	GlobalSection(SolutionConfigurationPlatforms) = preSolution
		Debug|Any CPU = Debug|Any CPU
		Release|Any CPU = Release|Any CPU
	EndGlobalSection
	GlobalSection(ProjectConfigurationPlatforms) = postSolution
		{A67B122F-F7DB-4EE1-A1D1-EA3F1B2D3A1A}.Debug|Any CPU.ActiveCfg = Debug|Any CPU
		{A67B122F-F7DB-4EE1-A1D1-EA3F1B2D3A1A}.Debug|Any CPU.Build.0 = Debug|Any CPU
		{A67B122F-F7DB-4EE1-A1D1-EA3F1B2D3A1A}.Release|Any CPU.ActiveCfg = Release|Any CPU
		{A67B122F-F7DB-4EE1-A1D1-EA3F1B2D3A1A}.Release|Any CPU.Build.0 = Release|Any CPU
	EndGlobalSection
	GlobalSection(SolutionProperties) = preSolution
		HideSolutionNode = FALSE
	EndGlobalSection
	GlobalSection(ExtensibilityGlobals) = postSolution
		SolutionGuid = {BEC811AC-66B4-41A5-AF77-1FF4C85E3BD8}
	EndGlobalSection
EndGlobal
