
Microsoft Visual Studio Solution File, Format Version 12.00
# Visual Studio Version 17
VisualStudioVersion = 17.13.35806.99 d17.13
MinimumVisualStudioVersion = 10.0.40219.1
Project("{FAE04EC0-301F-11D3-BF4B-00C04F79EFBC}") = "0508_WCF_ServiceExample", "0508_WCF_ServiceExample.csproj", "{1ADC4910-B723-4786-BEEE-828DC86015D9}"
EndProject
Global
	GlobalSection(SolutionConfigurationPlatforms) = preSolution
		Debug|Any CPU = Debug|Any CPU
		Release|Any CPU = Release|Any CPU
	EndGlobalSection
	GlobalSection(ProjectConfigurationPlatforms) = postSolution
		{1ADC4910-B723-4786-BEEE-828DC86015D9}.Debug|Any CPU.ActiveCfg = Debug|Any CPU
		{1ADC4910-B723-4786-BEEE-828DC86015D9}.Debug|Any CPU.Build.0 = Debug|Any CPU
		{1ADC4910-B723-4786-BEEE-828DC86015D9}.Release|Any CPU.ActiveCfg = Release|Any CPU
		{1ADC4910-B723-4786-BEEE-828DC86015D9}.Release|Any CPU.Build.0 = Release|Any CPU
	EndGlobalSection
	GlobalSection(SolutionProperties) = preSolution
		HideSolutionNode = FALSE
	EndGlobalSection
	GlobalSection(ExtensibilityGlobals) = postSolution
		SolutionGuid = {3839654E-4F6F-4D44-84D7-86A5E9125578}
	EndGlobalSection
EndGlobal
