
Microsoft Visual Studio Solution File, Format Version 12.00
# Visual Studio Version 17
VisualStudioVersion = 17.13.35806.99 d17.13
MinimumVisualStudioVersion = 10.0.40219.1
Project("{FAE04EC0-301F-11D3-BF4B-00C04F79EFBC}") = "0423_키보드로움직이는타원", "0423_키보드로움직이는타원.csproj", "{F27E9777-28AF-4D84-A866-35A5B499DCDA}"
EndProject
Global
	GlobalSection(SolutionConfigurationPlatforms) = preSolution
		Debug|Any CPU = Debug|Any CPU
		Release|Any CPU = Release|Any CPU
	EndGlobalSection
	GlobalSection(ProjectConfigurationPlatforms) = postSolution
		{F27E9777-28AF-4D84-A866-35A5B499DCDA}.Debug|Any CPU.ActiveCfg = Debug|Any CPU
		{F27E9777-28AF-4D84-A866-35A5B499DCDA}.Debug|Any CPU.Build.0 = Debug|Any CPU
		{F27E9777-28AF-4D84-A866-35A5B499DCDA}.Release|Any CPU.ActiveCfg = Release|Any CPU
		{F27E9777-28AF-4D84-A866-35A5B499DCDA}.Release|Any CPU.Build.0 = Release|Any CPU
	EndGlobalSection
	GlobalSection(SolutionProperties) = preSolution
		HideSolutionNode = FALSE
	EndGlobalSection
	GlobalSection(ExtensibilityGlobals) = postSolution
		SolutionGuid = {8FD97117-A07B-4EFD-A36E-B02E00E7025F}
	EndGlobalSection
EndGlobal
