
Microsoft Visual Studio Solution File, Format Version 12.00
# Visual Studio Version 17
VisualStudioVersion = 17.13.35806.99 d17.13
MinimumVisualStudioVersion = 10.0.40219.1
Project("{FAE04EC0-301F-11D3-BF4B-00C04F79EFBC}") = "0407_계좌관리프로그램", "0407_계좌관리프로그램.csproj", "{01270A98-7FF7-495A-8086-279BA003AE2B}"
EndProject
Global
	GlobalSection(SolutionConfigurationPlatforms) = preSolution
		Debug|Any CPU = Debug|Any CPU
		Release|Any CPU = Release|Any CPU
	EndGlobalSection
	GlobalSection(ProjectConfigurationPlatforms) = postSolution
		{01270A98-7FF7-495A-8086-279BA003AE2B}.Debug|Any CPU.ActiveCfg = Debug|Any CPU
		{01270A98-7FF7-495A-8086-279BA003AE2B}.Debug|Any CPU.Build.0 = Debug|Any CPU
		{01270A98-7FF7-495A-8086-279BA003AE2B}.Release|Any CPU.ActiveCfg = Release|Any CPU
		{01270A98-7FF7-495A-8086-279BA003AE2B}.Release|Any CPU.Build.0 = Release|Any CPU
	EndGlobalSection
	GlobalSection(SolutionProperties) = preSolution
		HideSolutionNode = FALSE
	EndGlobalSection
	GlobalSection(ExtensibilityGlobals) = postSolution
		SolutionGuid = {C7D5D690-2EB8-4D56-880E-363A4B08E03D}
	EndGlobalSection
EndGlobal
